// !$*UTF8*$!
{
	archiveVersion = 1;
	classes = {
	};
	objectVersion = 46;
	objects = {

/* Begin PBXBuildFile section */
		1919B8F71AB5B93200F69E79 /* AppDelegate.swift in Sources */ = {isa = PBXBuildFile; fileRef = 1919B8F61AB5B93200F69E79 /* AppDelegate.swift */; };
		1919B8FA1AB5B93200F69E79 /* Kinder_iOS.xcdatamodeld in Sources */ = {isa = PBXBuildFile; fileRef = 1919B8F81AB5B93200F69E79 /* Kinder_iOS.xcdatamodeld */; };
		1919B8FF1AB5B93200F69E79 /* Main.storyboard in Resources */ = {isa = PBXBuildFile; fileRef = 1919B8FD1AB5B93200F69E79 /* Main.storyboard */; };
		1919B9011AB5B93200F69E79 /* Images.xcassets in Resources */ = {isa = PBXBuildFile; fileRef = 1919B9001AB5B93200F69E79 /* Images.xcassets */; };
		1919B9041AB5B93200F69E79 /* LaunchScreen.xib in Resources */ = {isa = PBXBuildFile; fileRef = 1919B9021AB5B93200F69E79 /* LaunchScreen.xib */; };
		1919B9101AB5B93200F69E79 /* Kinder_iOSTests.swift in Sources */ = {isa = PBXBuildFile; fileRef = 1919B90F1AB5B93200F69E79 /* Kinder_iOSTests.swift */; };
		1949A0B01ABC965500998E9D /* CoreData.framework in Frameworks */ = {isa = PBXBuildFile; fileRef = 1949A0AF1ABC965500998E9D /* CoreData.framework */; };
		19EAD0591ADAD6A5002C0FCB /* connect.swift in Sources */ = {isa = PBXBuildFile; fileRef = 19EAD0451ADAD6A5002C0FCB /* connect.swift */; };
		19EAD05A1ADAD6A5002C0FCB /* Disconnect.swift in Sources */ = {isa = PBXBuildFile; fileRef = 19EAD0461ADAD6A5002C0FCB /* Disconnect.swift */; };
		19EAD05B1ADAD6A5002C0FCB /* SignUp.swift in Sources */ = {isa = PBXBuildFile; fileRef = 19EAD0471ADAD6A5002C0FCB /* SignUp.swift */; };
		19EAD05C1ADAD6A5002C0FCB /* Constants.swift in Sources */ = {isa = PBXBuildFile; fileRef = 19EAD0491ADAD6A5002C0FCB /* Constants.swift */; };
		19EAD05D1ADAD6A5002C0FCB /* Links.swift in Sources */ = {isa = PBXBuildFile; fileRef = 19EAD04A1ADAD6A5002C0FCB /* Links.swift */; };
		19EAD05E1ADAD6A5002C0FCB /* Strings.swift in Sources */ = {isa = PBXBuildFile; fileRef = 19EAD04B1ADAD6A5002C0FCB /* Strings.swift */; };
		19EAD05F1ADAD6A5002C0FCB /* ConnectionViewController.swift in Sources */ = {isa = PBXBuildFile; fileRef = 19EAD04D1ADAD6A5002C0FCB /* ConnectionViewController.swift */; };
		19EAD0601ADAD6A5002C0FCB /* CreateAccountViewController.swift in Sources */ = {isa = PBXBuildFile; fileRef = 19EAD04E1ADAD6A5002C0FCB /* CreateAccountViewController.swift */; };
		19EAD0611ADAD6A5002C0FCB /* CreateCompteTableViewController.swift in Sources */ = {isa = PBXBuildFile; fileRef = 19EAD04F1ADAD6A5002C0FCB /* CreateCompteTableViewController.swift */; };
		19EAD0621ADAD6A5002C0FCB /* DatePickerViewController.swift in Sources */ = {isa = PBXBuildFile; fileRef = 19EAD0501ADAD6A5002C0FCB /* DatePickerViewController.swift */; };
		19EAD0631ADAD6A5002C0FCB /* Kinder_iOS.xcdatamodeld in Sources */ = {isa = PBXBuildFile; fileRef = 19EAD0521ADAD6A5002C0FCB /* Kinder_iOS.xcdatamodeld */; };
		19EAD0641ADAD6A5002C0FCB /* User.swift in Sources */ = {isa = PBXBuildFile; fileRef = 19EAD0541ADAD6A5002C0FCB /* User.swift */; };
		19EAD0651ADAD6A5002C0FCB /* DismissSegue.swift in Sources */ = {isa = PBXBuildFile; fileRef = 19EAD0581ADAD6A5002C0FCB /* DismissSegue.swift */; };
		19EAD06B1ADAD7A4002C0FCB /* Bolts.framework in Frameworks */ = {isa = PBXBuildFile; fileRef = 19EAD0671ADAD7A4002C0FCB /* Bolts.framework */; };
		19EAD06C1ADAD7A4002C0FCB /* FBSDKCoreKit.framework in Frameworks */ = {isa = PBXBuildFile; fileRef = 19EAD0681ADAD7A4002C0FCB /* FBSDKCoreKit.framework */; };
		19EAD06D1ADAD7A4002C0FCB /* FBSDKLoginKit.framework in Frameworks */ = {isa = PBXBuildFile; fileRef = 19EAD0691ADAD7A4002C0FCB /* FBSDKLoginKit.framework */; };
		19EAD06E1ADAD7A4002C0FCB /* FBSDKShareKit.framework in Frameworks */ = {isa = PBXBuildFile; fileRef = 19EAD06A1ADAD7A4002C0FCB /* FBSDKShareKit.framework */; };
/* End PBXBuildFile section */

/* Begin PBXContainerItemProxy section */
		1919B90A1AB5B93200F69E79 /* PBXContainerItemProxy */ = {
			isa = PBXContainerItemProxy;
			containerPortal = 1919B8E91AB5B93200F69E79 /* Project object */;
			proxyType = 1;
			remoteGlobalIDString = 1919B8F01AB5B93200F69E79;
			remoteInfo = "Kinder-iOS";
		};
/* End PBXContainerItemProxy section */

/* Begin PBXFileReference section */
		1919B8F11AB5B93200F69E79 /* Kinder-iOS.app */ = {isa = PBXFileReference; explicitFileType = wrapper.application; includeInIndex = 0; path = "Kinder-iOS.app"; sourceTree = BUILT_PRODUCTS_DIR; };
		1919B8F51AB5B93200F69E79 /* Info.plist */ = {isa = PBXFileReference; lastKnownFileType = text.plist.xml; path = Info.plist; sourceTree = "<group>"; };
		1919B8F61AB5B93200F69E79 /* AppDelegate.swift */ = {isa = PBXFileReference; lastKnownFileType = sourcecode.swift; path = AppDelegate.swift; sourceTree = "<group>"; };
		1919B8F91AB5B93200F69E79 /* Kinder_iOS.xcdatamodel */ = {isa = PBXFileReference; lastKnownFileType = wrapper.xcdatamodel; path = Kinder_iOS.xcdatamodel; sourceTree = "<group>"; };
		1919B8FE1AB5B93200F69E79 /* Base */ = {isa = PBXFileReference; lastKnownFileType = file.storyboard; name = Base; path = Base.lproj/Main.storyboard; sourceTree = "<group>"; };
		1919B9001AB5B93200F69E79 /* Images.xcassets */ = {isa = PBXFileReference; lastKnownFileType = folder.assetcatalog; path = Images.xcassets; sourceTree = "<group>"; };
		1919B9031AB5B93200F69E79 /* Base */ = {isa = PBXFileReference; lastKnownFileType = file.xib; name = Base; path = Base.lproj/LaunchScreen.xib; sourceTree = "<group>"; };
		1919B9091AB5B93200F69E79 /* Kinder-iOSTests.xctest */ = {isa = PBXFileReference; explicitFileType = wrapper.cfbundle; includeInIndex = 0; path = "Kinder-iOSTests.xctest"; sourceTree = BUILT_PRODUCTS_DIR; };
		1919B90E1AB5B93200F69E79 /* Info.plist */ = {isa = PBXFileReference; lastKnownFileType = text.plist.xml; path = Info.plist; sourceTree = "<group>"; };
		1919B90F1AB5B93200F69E79 /* Kinder_iOSTests.swift */ = {isa = PBXFileReference; lastKnownFileType = sourcecode.swift; path = Kinder_iOSTests.swift; sourceTree = "<group>"; };
		1949A0AF1ABC965500998E9D /* CoreData.framework */ = {isa = PBXFileReference; lastKnownFileType = wrapper.framework; name = CoreData.framework; path = System/Library/Frameworks/CoreData.framework; sourceTree = SDKROOT; };
		19EAD0451ADAD6A5002C0FCB /* connect.swift */ = {isa = PBXFileReference; fileEncoding = 4; lastKnownFileType = sourcecode.swift; path = connect.swift; sourceTree = "<group>"; };
		19EAD0461ADAD6A5002C0FCB /* Disconnect.swift */ = {isa = PBXFileReference; fileEncoding = 4; lastKnownFileType = sourcecode.swift; path = Disconnect.swift; sourceTree = "<group>"; };
		19EAD0471ADAD6A5002C0FCB /* SignUp.swift */ = {isa = PBXFileReference; fileEncoding = 4; lastKnownFileType = sourcecode.swift; path = SignUp.swift; sourceTree = "<group>"; };
		19EAD0491ADAD6A5002C0FCB /* Constants.swift */ = {isa = PBXFileReference; fileEncoding = 4; lastKnownFileType = sourcecode.swift; path = Constants.swift; sourceTree = "<group>"; };
		19EAD04A1ADAD6A5002C0FCB /* Links.swift */ = {isa = PBXFileReference; fileEncoding = 4; lastKnownFileType = sourcecode.swift; path = Links.swift; sourceTree = "<group>"; };
		19EAD04B1ADAD6A5002C0FCB /* Strings.swift */ = {isa = PBXFileReference; fileEncoding = 4; lastKnownFileType = sourcecode.swift; path = Strings.swift; sourceTree = "<group>"; };
		19EAD04D1ADAD6A5002C0FCB /* ConnectionViewController.swift */ = {isa = PBXFileReference; fileEncoding = 4; lastKnownFileType = sourcecode.swift; path = ConnectionViewController.swift; sourceTree = "<group>"; };
		19EAD04E1ADAD6A5002C0FCB /* CreateAccountViewController.swift */ = {isa = PBXFileReference; fileEncoding = 4; lastKnownFileType = sourcecode.swift; path = CreateAccountViewController.swift; sourceTree = "<group>"; };
		19EAD04F1ADAD6A5002C0FCB /* CreateCompteTableViewController.swift */ = {isa = PBXFileReference; fileEncoding = 4; lastKnownFileType = sourcecode.swift; path = CreateCompteTableViewController.swift; sourceTree = "<group>"; };
		19EAD0501ADAD6A5002C0FCB /* DatePickerViewController.swift */ = {isa = PBXFileReference; fileEncoding = 4; lastKnownFileType = sourcecode.swift; path = DatePickerViewController.swift; sourceTree = "<group>"; };
		19EAD0531ADAD6A5002C0FCB /* Kinder_iOS.xcdatamodel */ = {isa = PBXFileReference; lastKnownFileType = wrapper.xcdatamodel; path = Kinder_iOS.xcdatamodel; sourceTree = "<group>"; };
		19EAD0541ADAD6A5002C0FCB /* User.swift */ = {isa = PBXFileReference; fileEncoding = 4; lastKnownFileType = sourcecode.swift; path = User.swift; sourceTree = "<group>"; };
		19EAD0581ADAD6A5002C0FCB /* DismissSegue.swift */ = {isa = PBXFileReference; fileEncoding = 4; lastKnownFileType = sourcecode.swift; path = DismissSegue.swift; sourceTree = "<group>"; };
		19EAD0671ADAD7A4002C0FCB /* Bolts.framework */ = {isa = PBXFileReference; lastKnownFileType = wrapper.framework; name = Bolts.framework; path = FacebookSDK/Bolts.framework; sourceTree = "<group>"; };
		19EAD0681ADAD7A4002C0FCB /* FBSDKCoreKit.framework */ = {isa = PBXFileReference; lastKnownFileType = wrapper.framework; name = FBSDKCoreKit.framework; path = FacebookSDK/FBSDKCoreKit.framework; sourceTree = "<group>"; };
		19EAD0691ADAD7A4002C0FCB /* FBSDKLoginKit.framework */ = {isa = PBXFileReference; lastKnownFileType = wrapper.framework; name = FBSDKLoginKit.framework; path = FacebookSDK/FBSDKLoginKit.framework; sourceTree = "<group>"; };
		19EAD06A1ADAD7A4002C0FCB /* FBSDKShareKit.framework */ = {isa = PBXFileReference; lastKnownFileType = wrapper.framework; name = FBSDKShareKit.framework; path = FacebookSDK/FBSDKShareKit.framework; sourceTree = "<group>"; };
		19EAD06F1ADADAE1002C0FCB /* Kinder-iOS-Bridging-Header.h */ = {isa = PBXFileReference; fileEncoding = 4; lastKnownFileType = sourcecode.c.h; path = "Kinder-iOS-Bridging-Header.h"; sourceTree = "<group>"; };
/* End PBXFileReference section */

/* Begin PBXFrameworksBuildPhase section */
		1919B8EE1AB5B93200F69E79 /* Frameworks */ = {
			isa = PBXFrameworksBuildPhase;
			buildActionMask = 2147483647;
			files = (
				19EAD06B1ADAD7A4002C0FCB /* Bolts.framework in Frameworks */,
				19EAD06C1ADAD7A4002C0FCB /* FBSDKCoreKit.framework in Frameworks */,
				19EAD06D1ADAD7A4002C0FCB /* FBSDKLoginKit.framework in Frameworks */,
				19EAD06E1ADAD7A4002C0FCB /* FBSDKShareKit.framework in Frameworks */,
				1949A0B01ABC965500998E9D /* CoreData.framework in Frameworks */,
			);
			runOnlyForDeploymentPostprocessing = 0;
		};
		1919B9061AB5B93200F69E79 /* Frameworks */ = {
			isa = PBXFrameworksBuildPhase;
			buildActionMask = 2147483647;
			files = (
			);
			runOnlyForDeploymentPostprocessing = 0;
		};
/* End PBXFrameworksBuildPhase section */

/* Begin PBXGroup section */
		1919B8E81AB5B93200F69E79 = {
			isa = PBXGroup;
			children = (
				19EAD0671ADAD7A4002C0FCB /* Bolts.framework */,
				19EAD0681ADAD7A4002C0FCB /* FBSDKCoreKit.framework */,
				19EAD0691ADAD7A4002C0FCB /* FBSDKLoginKit.framework */,
				19EAD06A1ADAD7A4002C0FCB /* FBSDKShareKit.framework */,
				1949A0AF1ABC965500998E9D /* CoreData.framework */,
				1919B8F31AB5B93200F69E79 /* Kinder-iOS */,
				1919B90C1AB5B93200F69E79 /* Kinder-iOSTests */,
				1919B8F21AB5B93200F69E79 /* Products */,
			);
			sourceTree = "<group>";
		};
		1919B8F21AB5B93200F69E79 /* Products */ = {
			isa = PBXGroup;
			children = (
				1919B8F11AB5B93200F69E79 /* Kinder-iOS.app */,
				1919B9091AB5B93200F69E79 /* Kinder-iOSTests.xctest */,
			);
			name = Products;
			sourceTree = "<group>";
		};
		1919B8F31AB5B93200F69E79 /* Kinder-iOS */ = {
			isa = PBXGroup;
			children = (
				1949A0E91ABEE7D000998E9D /* Libraries */,
				19EAD0431ADAD6A5002C0FCB /* Classes */,
				1919B8FD1AB5B93200F69E79 /* Main.storyboard */,
				1919B8F61AB5B93200F69E79 /* AppDelegate.swift */,
				1919B9021AB5B93200F69E79 /* LaunchScreen.xib */,
				19EAD06F1ADADAE1002C0FCB /* Kinder-iOS-Bridging-Header.h */,
				1919B8F81AB5B93200F69E79 /* Kinder_iOS.xcdatamodeld */,
				1949A0B71ABEDE7000998E9D /* Images */,
				1919B8F41AB5B93200F69E79 /* Supporting Files */,
			);
			path = "Kinder-iOS";
			sourceTree = "<group>";
		};
		1919B8F41AB5B93200F69E79 /* Supporting Files */ = {
			isa = PBXGroup;
			children = (
				1919B8F51AB5B93200F69E79 /* Info.plist */,
			);
			name = "Supporting Files";
			sourceTree = "<group>";
		};
		1919B90C1AB5B93200F69E79 /* Kinder-iOSTests */ = {
			isa = PBXGroup;
			children = (
				1919B90F1AB5B93200F69E79 /* Kinder_iOSTests.swift */,
				1919B90D1AB5B93200F69E79 /* Supporting Files */,
			);
			path = "Kinder-iOSTests";
			sourceTree = "<group>";
		};
		1919B90D1AB5B93200F69E79 /* Supporting Files */ = {
			isa = PBXGroup;
			children = (
				1919B90E1AB5B93200F69E79 /* Info.plist */,
			);
			name = "Supporting Files";
			sourceTree = "<group>";
		};
		1949A0B71ABEDE7000998E9D /* Images */ = {
			isa = PBXGroup;
			children = (
				1919B9001AB5B93200F69E79 /* Images.xcassets */,
			);
			name = Images;
			sourceTree = "<group>";
		};
		1949A0E91ABEE7D000998E9D /* Libraries */ = {
			isa = PBXGroup;
			children = (
			);
			path = Libraries;
			sourceTree = "<group>";
		};
		19EAD0431ADAD6A5002C0FCB /* Classes */ = {
			isa = PBXGroup;
			children = (
				19EAD0441ADAD6A5002C0FCB /* Communication */,
				19EAD0481ADAD6A5002C0FCB /* Constants */,
				19EAD04C1ADAD6A5002C0FCB /* Controller */,
				19EAD0511ADAD6A5002C0FCB /* Database */,
				19EAD0551ADAD6A5002C0FCB /* Storyboard */,
			);
			path = Classes;
			sourceTree = "<group>";
		};
		19EAD0441ADAD6A5002C0FCB /* Communication */ = {
			isa = PBXGroup;
			children = (
				19EAD0451ADAD6A5002C0FCB /* connect.swift */,
				19EAD0461ADAD6A5002C0FCB /* Disconnect.swift */,
				19EAD0471ADAD6A5002C0FCB /* SignUp.swift */,
			);
			path = Communication;
			sourceTree = "<group>";
		};
		19EAD0481ADAD6A5002C0FCB /* Constants */ = {
			isa = PBXGroup;
			children = (
				19EAD0491ADAD6A5002C0FCB /* Constants.swift */,
				19EAD04A1ADAD6A5002C0FCB /* Links.swift */,
				19EAD04B1ADAD6A5002C0FCB /* Strings.swift */,
			);
			path = Constants;
			sourceTree = "<group>";
		};
		19EAD04C1ADAD6A5002C0FCB /* Controller */ = {
			isa = PBXGroup;
			children = (
				19EAD04D1ADAD6A5002C0FCB /* ConnectionViewController.swift */,
				19EAD04E1ADAD6A5002C0FCB /* CreateAccountViewController.swift */,
				19EAD04F1ADAD6A5002C0FCB /* CreateCompteTableViewController.swift */,
				19EAD0501ADAD6A5002C0FCB /* DatePickerViewController.swift */,
			);
			path = Controller;
			sourceTree = "<group>";
		};
		19EAD0511ADAD6A5002C0FCB /* Database */ = {
			isa = PBXGroup;
			children = (
				19EAD0521ADAD6A5002C0FCB /* Kinder_iOS.xcdatamodeld */,
				19EAD0541ADAD6A5002C0FCB /* User.swift */,
			);
			path = Database;
			sourceTree = "<group>";
		};
		19EAD0551ADAD6A5002C0FCB /* Storyboard */ = {
			isa = PBXGroup;
			children = (
				19EAD0561ADAD6A5002C0FCB /* Cell */,
				19EAD0571ADAD6A5002C0FCB /* Segue */,
			);
			path = Storyboard;
			sourceTree = "<group>";
		};
		19EAD0561ADAD6A5002C0FCB /* Cell */ = {
			isa = PBXGroup;
			children = (
			);
			path = Cell;
			sourceTree = "<group>";
		};
		19EAD0571ADAD6A5002C0FCB /* Segue */ = {
			isa = PBXGroup;
			children = (
				19EAD0581ADAD6A5002C0FCB /* DismissSegue.swift */,
			);
			path = Segue;
			sourceTree = "<group>";
		};
/* End PBXGroup section */

/* Begin PBXNativeTarget section */
		1919B8F01AB5B93200F69E79 /* Kinder-iOS */ = {
			isa = PBXNativeTarget;
			buildConfigurationList = 1919B9131AB5B93200F69E79 /* Build configuration list for PBXNativeTarget "Kinder-iOS" */;
			buildPhases = (
				1919B8ED1AB5B93200F69E79 /* Sources */,
				1919B8EE1AB5B93200F69E79 /* Frameworks */,
				1919B8EF1AB5B93200F69E79 /* Resources */,
			);
			buildRules = (
			);
			dependencies = (
			);
			name = "Kinder-iOS";
			productName = "Kinder-iOS";
			productReference = 1919B8F11AB5B93200F69E79 /* Kinder-iOS.app */;
			productType = "com.apple.product-type.application";
		};
		1919B9081AB5B93200F69E79 /* Kinder-iOSTests */ = {
			isa = PBXNativeTarget;
			buildConfigurationList = 1919B9161AB5B93200F69E79 /* Build configuration list for PBXNativeTarget "Kinder-iOSTests" */;
			buildPhases = (
				1919B9051AB5B93200F69E79 /* Sources */,
				1919B9061AB5B93200F69E79 /* Frameworks */,
				1919B9071AB5B93200F69E79 /* Resources */,
			);
			buildRules = (
			);
			dependencies = (
				1919B90B1AB5B93200F69E79 /* PBXTargetDependency */,
			);
			name = "Kinder-iOSTests";
			productName = "Kinder-iOSTests";
			productReference = 1919B9091AB5B93200F69E79 /* Kinder-iOSTests.xctest */;
			productType = "com.apple.product-type.bundle.unit-test";
		};
/* End PBXNativeTarget section */

/* Begin PBXProject section */
		1919B8E91AB5B93200F69E79 /* Project object */ = {
			isa = PBXProject;
			attributes = {
				LastUpgradeCheck = 0610;
				ORGANIZATIONNAME = "Niv-Babs";
				TargetAttributes = {
					1919B8F01AB5B93200F69E79 = {
						CreatedOnToolsVersion = 6.1.1;
					};
					1919B9081AB5B93200F69E79 = {
						CreatedOnToolsVersion = 6.1.1;
						TestTargetID = 1919B8F01AB5B93200F69E79;
					};
				};
			};
			buildConfigurationList = 1919B8EC1AB5B93200F69E79 /* Build configuration list for PBXProject "Kinder-iOS" */;
			compatibilityVersion = "Xcode 3.2";
			developmentRegion = English;
			hasScannedForEncodings = 0;
			knownRegions = (
				en,
				Base,
			);
			mainGroup = 1919B8E81AB5B93200F69E79;
			productRefGroup = 1919B8F21AB5B93200F69E79 /* Products */;
			projectDirPath = "";
			projectRoot = "";
			targets = (
				1919B8F01AB5B93200F69E79 /* Kinder-iOS */,
				1919B9081AB5B93200F69E79 /* Kinder-iOSTests */,
			);
		};
/* End PBXProject section */

/* Begin PBXResourcesBuildPhase section */
		1919B8EF1AB5B93200F69E79 /* Resources */ = {
			isa = PBXResourcesBuildPhase;
			buildActionMask = 2147483647;
			files = (
				1919B8FF1AB5B93200F69E79 /* Main.storyboard in Resources */,
				1919B9041AB5B93200F69E79 /* LaunchScreen.xib in Resources */,
				1919B9011AB5B93200F69E79 /* Images.xcassets in Resources */,
			);
			runOnlyForDeploymentPostprocessing = 0;
		};
		1919B9071AB5B93200F69E79 /* Resources */ = {
			isa = PBXResourcesBuildPhase;
			buildActionMask = 2147483647;
			files = (
			);
			runOnlyForDeploymentPostprocessing = 0;
		};
/* End PBXResourcesBuildPhase section */

/* Begin PBXSourcesBuildPhase section */
		1919B8ED1AB5B93200F69E79 /* Sources */ = {
			isa = PBXSourcesBuildPhase;
			buildActionMask = 2147483647;
			files = (
				19EAD0601ADAD6A5002C0FCB /* CreateAccountViewController.swift in Sources */,
				19EAD0651ADAD6A5002C0FCB /* DismissSegue.swift in Sources */,
				1919B8FA1AB5B93200F69E79 /* Kinder_iOS.xcdatamodeld in Sources */,
				19EAD05A1ADAD6A5002C0FCB /* Disconnect.swift in Sources */,
				19EAD05E1ADAD6A5002C0FCB /* Strings.swift in Sources */,
				19EAD0591ADAD6A5002C0FCB /* connect.swift in Sources */,
				19EAD0611ADAD6A5002C0FCB /* CreateCompteTableViewController.swift in Sources */,
				19EAD0641ADAD6A5002C0FCB /* User.swift in Sources */,
				1919B8F71AB5B93200F69E79 /* AppDelegate.swift in Sources */,
				19EAD0631ADAD6A5002C0FCB /* Kinder_iOS.xcdatamodeld in Sources */,
				19EAD05D1ADAD6A5002C0FCB /* Links.swift in Sources */,
				19EAD0621ADAD6A5002C0FCB /* DatePickerViewController.swift in Sources */,
				19EAD05B1ADAD6A5002C0FCB /* SignUp.swift in Sources */,
				19EAD05C1ADAD6A5002C0FCB /* Constants.swift in Sources */,
				19EAD05F1ADAD6A5002C0FCB /* ConnectionViewController.swift in Sources */,
			);
			runOnlyForDeploymentPostprocessing = 0;
		};
		1919B9051AB5B93200F69E79 /* Sources */ = {
			isa = PBXSourcesBuildPhase;
			buildActionMask = 2147483647;
			files = (
				1919B9101AB5B93200F69E79 /* Kinder_iOSTests.swift in Sources */,
			);
			runOnlyForDeploymentPostprocessing = 0;
		};
/* End PBXSourcesBuildPhase section */

/* Begin PBXTargetDependency section */
		1919B90B1AB5B93200F69E79 /* PBXTargetDependency */ = {
			isa = PBXTargetDependency;
			target = 1919B8F01AB5B93200F69E79 /* Kinder-iOS */;
			targetProxy = 1919B90A1AB5B93200F69E79 /* PBXContainerItemProxy */;
		};
/* End PBXTargetDependency section */

/* Begin PBXVariantGroup section */
		1919B8FD1AB5B93200F69E79 /* Main.storyboard */ = {
			isa = PBXVariantGroup;
			children = (
				1919B8FE1AB5B93200F69E79 /* Base */,
			);
			name = Main.storyboard;
			sourceTree = "<group>";
		};
		1919B9021AB5B93200F69E79 /* LaunchScreen.xib */ = {
			isa = PBXVariantGroup;
			children = (
				1919B9031AB5B93200F69E79 /* Base */,
			);
			name = LaunchScreen.xib;
			sourceTree = "<group>";
		};
/* End PBXVariantGroup section */

/* Begin XCBuildConfiguration section */
		1919B9111AB5B93200F69E79 /* Debug */ = {
			isa = XCBuildConfiguration;
			buildSettings = {
				ALWAYS_SEARCH_USER_PATHS = NO;
				CLANG_CXX_LANGUAGE_STANDARD = "gnu++0x";
				CLANG_CXX_LIBRARY = "libc++";
				CLANG_ENABLE_MODULES = YES;
				CLANG_ENABLE_OBJC_ARC = YES;
				CLANG_WARN_BOOL_CONVERSION = YES;
				CLANG_WARN_CONSTANT_CONVERSION = YES;
				CLANG_WARN_DIRECT_OBJC_ISA_USAGE = YES_ERROR;
				CLANG_WARN_EMPTY_BODY = YES;
				CLANG_WARN_ENUM_CONVERSION = YES;
				CLANG_WARN_INT_CONVERSION = YES;
				CLANG_WARN_OBJC_ROOT_CLASS = YES_ERROR;
				CLANG_WARN_UNREACHABLE_CODE = YES;
				CLANG_WARN__DUPLICATE_METHOD_MATCH = YES;
				"CODE_SIGN_IDENTITY[sdk=iphoneos*]" = "iPhone Developer";
				COPY_PHASE_STRIP = NO;
				ENABLE_STRICT_OBJC_MSGSEND = YES;
				GCC_C_LANGUAGE_STANDARD = gnu99;
				GCC_DYNAMIC_NO_PIC = NO;
				GCC_OPTIMIZATION_LEVEL = 0;
				GCC_PREPROCESSOR_DEFINITIONS = (
					"DEBUG=1",
					"$(inherited)",
				);
				GCC_SYMBOLS_PRIVATE_EXTERN = NO;
				GCC_WARN_64_TO_32_BIT_CONVERSION = YES;
				GCC_WARN_ABOUT_RETURN_TYPE = YES_ERROR;
				GCC_WARN_UNDECLARED_SELECTOR = YES;
				GCC_WARN_UNINITIALIZED_AUTOS = YES_AGGRESSIVE;
				GCC_WARN_UNUSED_FUNCTION = YES;
				GCC_WARN_UNUSED_VARIABLE = YES;
				IPHONEOS_DEPLOYMENT_TARGET = 8.1;
				MTL_ENABLE_DEBUG_INFO = YES;
				ONLY_ACTIVE_ARCH = YES;
				SDKROOT = iphoneos;
				SWIFT_OPTIMIZATION_LEVEL = "-Onone";
				TARGETED_DEVICE_FAMILY = "1,2";
			};
			name = Debug;
		};
		1919B9121AB5B93200F69E79 /* Release */ = {
			isa = XCBuildConfiguration;
			buildSettings = {
				ALWAYS_SEARCH_USER_PATHS = NO;
				CLANG_CXX_LANGUAGE_STANDARD = "gnu++0x";
				CLANG_CXX_LIBRARY = "libc++";
				CLANG_ENABLE_MODULES = YES;
				CLANG_ENABLE_OBJC_ARC = YES;
				CLANG_WARN_BOOL_CONVERSION = YES;
				CLANG_WARN_CONSTANT_CONVERSION = YES;
				CLANG_WARN_DIRECT_OBJC_ISA_USAGE = YES_ERROR;
				CLANG_WARN_EMPTY_BODY = YES;
				CLANG_WARN_ENUM_CONVERSION = YES;
				CLANG_WARN_INT_CONVERSION = YES;
				CLANG_WARN_OBJC_ROOT_CLASS = YES_ERROR;
				CLANG_WARN_UNREACHABLE_CODE = YES;
				CLANG_WARN__DUPLICATE_METHOD_MATCH = YES;
				"CODE_SIGN_IDENTITY[sdk=iphoneos*]" = "iPhone Developer";
				COPY_PHASE_STRIP = YES;
				ENABLE_NS_ASSERTIONS = NO;
				ENABLE_STRICT_OBJC_MSGSEND = YES;
				GCC_C_LANGUAGE_STANDARD = gnu99;
				GCC_WARN_64_TO_32_BIT_CONVERSION = YES;
				GCC_WARN_ABOUT_RETURN_TYPE = YES_ERROR;
				GCC_WARN_UNDECLARED_SELECTOR = YES;
				GCC_WARN_UNINITIALIZED_AUTOS = YES_AGGRESSIVE;
				GCC_WARN_UNUSED_FUNCTION = YES;
				GCC_WARN_UNUSED_VARIABLE = YES;
				IPHONEOS_DEPLOYMENT_TARGET = 8.1;
				MTL_ENABLE_DEBUG_INFO = NO;
				SDKROOT = iphoneos;
				TARGETED_DEVICE_FAMILY = "1,2";
				VALIDATE_PRODUCT = YES;
			};
			name = Release;
		};
		1919B9141AB5B93200F69E79 /* Debug */ = {
			isa = XCBuildConfiguration;
			buildSettings = {
				ASSETCATALOG_COMPILER_APPICON_NAME = AppIcon;
				CLANG_ALLOW_NON_MODULAR_INCLUDES_IN_FRAMEWORK_MODULES = YES;
				EMBEDDED_CONTENT_CONTAINS_SWIFT = NO;
				FRAMEWORK_SEARCH_PATHS = (
					"$(inherited)",
					"$(PROJECT_DIR)/FacebookSDK",
				);
				INFOPLIST_FILE = "Kinder-iOS/Info.plist";
				LD_RUNPATH_SEARCH_PATHS = "$(inherited) @executable_path/Frameworks";
				PRODUCT_NAME = "$(TARGET_NAME)";
				"SWIFT_OBJC_BRIDGING_HEADER[arch=*]" = "Kinder-iOS/Kinder-iOS-Bridging-Header.h";
			};
			name = Debug;
		};
		1919B9151AB5B93200F69E79 /* Release */ = {
			isa = XCBuildConfiguration;
			buildSettings = {
				ASSETCATALOG_COMPILER_APPICON_NAME = AppIcon;
				CLANG_ALLOW_NON_MODULAR_INCLUDES_IN_FRAMEWORK_MODULES = YES;
				EMBEDDED_CONTENT_CONTAINS_SWIFT = NO;
				FRAMEWORK_SEARCH_PATHS = (
					"$(inherited)",
					"$(PROJECT_DIR)/FacebookSDK",
				);
				INFOPLIST_FILE = "Kinder-iOS/Info.plist";
				LD_RUNPATH_SEARCH_PATHS = "$(inherited) @executable_path/Frameworks";
				PRODUCT_NAME = "$(TARGET_NAME)";
				"SWIFT_OBJC_BRIDGING_HEADER[arch=*]" = "Kinder-iOS/Kinder-iOS-Bridging-Header.h";
			};
			name = Release;
		};
		1919B9171AB5B93200F69E79 /* Debug */ = {
			isa = XCBuildConfiguration;
			buildSettings = {
				BUNDLE_LOADER = "$(TEST_HOST)";
				FRAMEWORK_SEARCH_PATHS = (
					"$(SDKROOT)/Developer/Library/Frameworks",
					"$(inherited)",
				);
				GCC_PREPROCESSOR_DEFINITIONS = (
					"DEBUG=1",
					"$(inherited)",
				);
				INFOPLIST_FILE = "Kinder-iOSTests/Info.plist";
				LD_RUNPATH_SEARCH_PATHS = "$(inherited) @executable_path/Frameworks @loader_path/Frameworks";
				PRODUCT_NAME = "$(TARGET_NAME)";
				TEST_HOST = "$(BUILT_PRODUCTS_DIR)/Kinder-iOS.app/Kinder-iOS";
			};
			name = Debug;
		};
		1919B9181AB5B93200F69E79 /* Release */ = {
			isa = XCBuildConfiguration;
			buildSettings = {
				BUNDLE_LOADER = "$(TEST_HOST)";
				FRAMEWORK_SEARCH_PATHS = (
					"$(SDKROOT)/Developer/Library/Frameworks",
					"$(inherited)",
				);
				INFOPLIST_FILE = "Kinder-iOSTests/Info.plist";
				LD_RUNPATH_SEARCH_PATHS = "$(inherited) @executable_path/Frameworks @loader_path/Frameworks";
				PRODUCT_NAME = "$(TARGET_NAME)";
				TEST_HOST = "$(BUILT_PRODUCTS_DIR)/Kinder-iOS.app/Kinder-iOS";
			};
			name = Release;
		};
/* End XCBuildConfiguration section */

/* Begin XCConfigurationList section */
		1919B8EC1AB5B93200F69E79 /* Build configuration list for PBXProject "Kinder-iOS" */ = {
			isa = XCConfigurationList;
			buildConfigurations = (
				1919B9111AB5B93200F69E79 /* Debug */,
				1919B9121AB5B93200F69E79 /* Release */,
			);
			defaultConfigurationIsVisible = 0;
			defaultConfigurationName = Release;
		};
		1919B9131AB5B93200F69E79 /* Build configuration list for PBXNativeTarget "Kinder-iOS" */ = {
			isa = XCConfigurationList;
			buildConfigurations = (
				1919B9141AB5B93200F69E79 /* Debug */,
				1919B9151AB5B93200F69E79 /* Release */,
			);
			defaultConfigurationIsVisible = 0;
			defaultConfigurationName = Release;
		};
		1919B9161AB5B93200F69E79 /* Build configuration list for PBXNativeTarget "Kinder-iOSTests" */ = {
			isa = XCConfigurationList;
			buildConfigurations = (
				1919B9171AB5B93200F69E79 /* Debug */,
				1919B9181AB5B93200F69E79 /* Release */,
			);
			defaultConfigurationIsVisible = 0;
			defaultConfigurationName = Release;
		};
/* End XCConfigurationList section */

/* Begin XCVersionGroup section */
		1919B8F81AB5B93200F69E79 /* Kinder_iOS.xcdatamodeld */ = {
			isa = XCVersionGroup;
			children = (
				1919B8F91AB5B93200F69E79 /* Kinder_iOS.xcdatamodel */,
			);
			currentVersion = 1919B8F91AB5B93200F69E79 /* Kinder_iOS.xcdatamodel */;
			path = Kinder_iOS.xcdatamodeld;
			sourceTree = "<group>";
			versionGroupType = wrapper.xcdatamodel;
		};
		19EAD0521ADAD6A5002C0FCB /* Kinder_iOS.xcdatamodeld */ = {
			isa = XCVersionGroup;
			children = (
				19EAD0531ADAD6A5002C0FCB /* Kinder_iOS.xcdatamodel */,
			);
			currentVersion = 19EAD0531ADAD6A5002C0FCB /* Kinder_iOS.xcdatamodel */;
			path = Kinder_iOS.xcdatamodeld;
			sourceTree = "<group>";
			versionGroupType = wrapper.xcdatamodel;
		};
/* End XCVersionGroup section */
	};
	rootObject = 1919B8E91AB5B93200F69E79 /* Project object */;
}
